{
  "name": "gouldian-api-gateway-example",
  "version": "0.0.0",
  "lockfileVersion": 1,
  "requires": true,
  "dependencies": {
    "@aws-cdk/assets": {
      "version": "1.30.0",
      "resolved": "https://registry.npmjs.org/@aws-cdk/assets/-/assets-1.30.0.tgz",
      "integrity": "sha512-dyxY411nYrIXJA+uNxJ55DVf4sr4jlU7gBG2hiNw5y6/gzIsZXZfJzN0sWHraVoGpav4vGZSqM79u51fDfDf+g==",
      "requires": {
        "@aws-cdk/core": "1.30.0",
        "@aws-cdk/cx-api": "1.30.0",
        "constructs": "^1.1.2",
        "minimatch": "^3.0.4"
      },
      "dependencies": {
        "balanced-match": {
          "version": "1.0.0",
          "bundled": true
        },
        "brace-expansion": {
          "version": "1.1.11",
          "bundled": true,
          "requires": {
            "balanced-match": "^1.0.0",
            "concat-map": "0.0.1"
          }
        },
        "concat-map": {
          "version": "0.0.1",
          "bundled": true
        },
        "minimatch": {
          "version": "3.0.4",
          "bundled": true,
          "requires": {
            "brace-expansion": "^1.1.7"
          }
        }
      }
    },
    "@aws-cdk/aws-apigateway": {
      "version": "1.30.0",
      "resolved": "https://registry.npmjs.org/@aws-cdk/aws-apigateway/-/aws-apigateway-1.30.0.tgz",
      "integrity": "sha512-bbPnGhyT/TFMgcZkquh0fVC4Em+X8a8GslPaUVm/+WDgS24XwOvV+OFE2ia2XfpZLdTtvE0nR2m0XJNCS5aE6Q==",
      "requires": {
        "@aws-cdk/aws-certificatemanager": "1.30.0",
        "@aws-cdk/aws-ec2": "1.30.0",
        "@aws-cdk/aws-elasticloadbalancingv2": "1.30.0",
        "@aws-cdk/aws-iam": "1.30.0",
        "@aws-cdk/aws-lambda": "1.30.0",
        "@aws-cdk/core": "1.30.0",
        "constructs": "^1.1.2"
      }
    },
    "@aws-cdk/aws-certificatemanager": {
      "version": "1.30.0",
      "resolved": "https://registry.npmjs.org/@aws-cdk/aws-certificatemanager/-/aws-certificatemanager-1.30.0.tgz",
      "integrity": "sha512-sRCc4LJjUnVQIVNac8g0QQsD0lhe6pNl1DxOOgjhs7om70PgAAebX2pAp3Dp6N9XXOZi7a3dX7Hd/Ju98WjN8w==",
      "requires": {
        "@aws-cdk/aws-cloudformation": "1.30.0",
        "@aws-cdk/aws-iam": "1.30.0",
        "@aws-cdk/aws-lambda": "1.30.0",
        "@aws-cdk/aws-route53": "1.30.0",
        "@aws-cdk/core": "1.30.0",
        "constructs": "^1.1.2"
      }
    },
    "@aws-cdk/aws-cloudformation": {
      "version": "1.30.0",
      "resolved": "https://registry.npmjs.org/@aws-cdk/aws-cloudformation/-/aws-cloudformation-1.30.0.tgz",
      "integrity": "sha512-BBn9AyC+UDcR1yv4rBooV691Ag+Zt2PKrEEJU3Sutpy86fjiv9J5NjNIK0QjoHR5bXlhnoHaGal5jAKqdHEH8Q==",
      "requires": {
        "@aws-cdk/aws-iam": "1.30.0",
        "@aws-cdk/aws-lambda": "1.30.0",
        "@aws-cdk/aws-s3": "1.30.0",
        "@aws-cdk/aws-sns": "1.30.0",
        "@aws-cdk/core": "1.30.0",
        "@aws-cdk/cx-api": "1.30.0",
        "constructs": "^1.1.2"
      }
    },
    "@aws-cdk/aws-cloudwatch": {
      "version": "1.30.0",
      "resolved": "https://registry.npmjs.org/@aws-cdk/aws-cloudwatch/-/aws-cloudwatch-1.30.0.tgz",
      "integrity": "sha512-Bs5L4EmL7V3Y/y6dktJQrKY8z+fcFqfVyvPfxZLt9qXkAzvEFl2tnuFgUHTkM9fKKzqzkX3CqvXoJEFQL8Yvtg==",
      "requires": {
        "@aws-cdk/aws-iam": "1.30.0",
        "@aws-cdk/core": "1.30.0",
        "constructs": "^1.1.2"
      }
    },
    "@aws-cdk/aws-ec2": {
      "version": "1.30.0",
      "resolved": "https://registry.npmjs.org/@aws-cdk/aws-ec2/-/aws-ec2-1.30.0.tgz",
      "integrity": "sha512-JZ/UaxlYZufgXD48zrkGIaawTxyDL0yvHEa12NTHNnSO6fJr5k617j99EtjulWBsKW6ydQxR6gDyJEtyVAhCZQ==",
      "requires": {
        "@aws-cdk/aws-cloudwatch": "1.30.0",
        "@aws-cdk/aws-iam": "1.30.0",
        "@aws-cdk/aws-logs": "1.30.0",
        "@aws-cdk/aws-s3": "1.30.0",
        "@aws-cdk/aws-ssm": "1.30.0",
        "@aws-cdk/core": "1.30.0",
        "@aws-cdk/cx-api": "1.30.0",
        "constructs": "^1.1.2"
      }
    },
    "@aws-cdk/aws-elasticloadbalancingv2": {
      "version": "1.30.0",
      "resolved": "https://registry.npmjs.org/@aws-cdk/aws-elasticloadbalancingv2/-/aws-elasticloadbalancingv2-1.30.0.tgz",
      "integrity": "sha512-perGOoJWhY47k3rARmMbovkHE3FWu7sWlh0nH7f1fNDbHYp2PUZ2ZdAZfvsGktnPDdUPzh0HhkePMAgatPb9vg==",
      "requires": {
        "@aws-cdk/aws-certificatemanager": "1.30.0",
        "@aws-cdk/aws-cloudwatch": "1.30.0",
        "@aws-cdk/aws-ec2": "1.30.0",
        "@aws-cdk/aws-iam": "1.30.0",
        "@aws-cdk/aws-lambda": "1.30.0",
        "@aws-cdk/aws-s3": "1.30.0",
        "@aws-cdk/core": "1.30.0",
        "constructs": "^1.1.2"
      }
    },
    "@aws-cdk/aws-events": {
      "version": "1.30.0",
      "resolved": "https://registry.npmjs.org/@aws-cdk/aws-events/-/aws-events-1.30.0.tgz",
      "integrity": "sha512-XcXTzu/8Abf+YORv6qjAePoksLA9hRtxkKbHMNiNJNJbk882Eh+3vPTOD/ScZsC+CJcxURw9F4u6H81o395gtQ==",
      "requires": {
        "@aws-cdk/aws-iam": "1.30.0",
        "@aws-cdk/core": "1.30.0",
        "constructs": "^1.1.2"
      }
    },
    "@aws-cdk/aws-iam": {
      "version": "1.30.0",
      "resolved": "https://registry.npmjs.org/@aws-cdk/aws-iam/-/aws-iam-1.30.0.tgz",
      "integrity": "sha512-4USD/55znEEyEpCU3aH8ZhAhiTBKPy3O7d5gwYSgapCGl7NpBnNki3C4M1arShlEQeTOtxA0ABTj458TSejSBw==",
      "requires": {
        "@aws-cdk/core": "1.30.0",
        "@aws-cdk/region-info": "1.30.0",
        "constructs": "^1.1.2"
      }
    },
    "@aws-cdk/aws-kms": {
      "version": "1.30.0",
      "resolved": "https://registry.npmjs.org/@aws-cdk/aws-kms/-/aws-kms-1.30.0.tgz",
      "integrity": "sha512-YB1c4VemBJ4D9f82ZY8ETx/q54s0zrimvEkW1pPn3KZTym1jZlnXciZyDGUcpLOwdmL/0Ch3Y+9McH+d5I0hQg==",
      "requires": {
        "@aws-cdk/aws-iam": "1.30.0",
        "@aws-cdk/core": "1.30.0",
        "constructs": "^1.1.2"
      }
    },
    "@aws-cdk/aws-lambda": {
      "version": "1.30.0",
      "resolved": "https://registry.npmjs.org/@aws-cdk/aws-lambda/-/aws-lambda-1.30.0.tgz",
      "integrity": "sha512-s2SyoQUQM5AeckBPhhNDlS2jaTICEogRZ6NLDqCk0NglcPKJQ4hhq4Xul888Jc539WzG89znnONYvvH2Z9FSwg==",
      "requires": {
        "@aws-cdk/aws-cloudwatch": "1.30.0",
        "@aws-cdk/aws-ec2": "1.30.0",
        "@aws-cdk/aws-events": "1.30.0",
        "@aws-cdk/aws-iam": "1.30.0",
        "@aws-cdk/aws-logs": "1.30.0",
        "@aws-cdk/aws-s3": "1.30.0",
        "@aws-cdk/aws-s3-assets": "1.30.0",
        "@aws-cdk/aws-sqs": "1.30.0",
        "@aws-cdk/core": "1.30.0",
        "@aws-cdk/cx-api": "1.30.0",
        "constructs": "^1.1.2"
      }
    },
    "@aws-cdk/aws-logs": {
      "version": "1.30.0",
      "resolved": "https://registry.npmjs.org/@aws-cdk/aws-logs/-/aws-logs-1.30.0.tgz",
      "integrity": "sha512-jO6p+dEdofvodmyJSUjhXyioe3muIEnYBiL4B2FTL55aHNezI6QOQVOdEg3CNlGR9mHQYdBT+IbKMWXyif+OPw==",
      "requires": {
        "@aws-cdk/aws-cloudwatch": "1.30.0",
        "@aws-cdk/aws-iam": "1.30.0",
        "@aws-cdk/core": "1.30.0",
        "constructs": "^1.1.2"
      }
    },
    "@aws-cdk/aws-route53": {
      "version": "1.30.0",
      "resolved": "https://registry.npmjs.org/@aws-cdk/aws-route53/-/aws-route53-1.30.0.tgz",
      "integrity": "sha512-MikeCK5PHAqGyc77Uz5MS6Qn4pkgfBpq9FEyeEKiRtxDuv6Vfozc6Woy/mPEUAl64ZKnd1xOqIYUxHS4Y0hRxA==",
      "requires": {
        "@aws-cdk/aws-ec2": "1.30.0",
        "@aws-cdk/aws-logs": "1.30.0",
        "@aws-cdk/core": "1.30.0",
        "@aws-cdk/cx-api": "1.30.0",
        "constructs": "^1.1.2"
      }
    },
    "@aws-cdk/aws-s3": {
      "version": "1.30.0",
      "resolved": "https://registry.npmjs.org/@aws-cdk/aws-s3/-/aws-s3-1.30.0.tgz",
      "integrity": "sha512-GNs9NjI6BQEqRnEJjPb+/egLDuhsugZS3rp50qdJzfN/MPzw4j7aDkJ/A7gFCLYBq9S+oFOdKRjMjT4ughn/Hg==",
      "requires": {
        "@aws-cdk/aws-events": "1.30.0",
        "@aws-cdk/aws-iam": "1.30.0",
        "@aws-cdk/aws-kms": "1.30.0",
        "@aws-cdk/core": "1.30.0",
        "constructs": "^1.1.2"
      }
    },
    "@aws-cdk/aws-s3-assets": {
      "version": "1.30.0",
      "resolved": "https://registry.npmjs.org/@aws-cdk/aws-s3-assets/-/aws-s3-assets-1.30.0.tgz",
      "integrity": "sha512-/ijh3gxHFOlkTkH8HFEEa9PNqad2Sb9UjEjYZVGb7cTP0Hx+oxYa5ePzI+yap5ypBYePatVyz2v/TTvbdJy0NA==",
      "requires": {
        "@aws-cdk/assets": "1.30.0",
        "@aws-cdk/aws-iam": "1.30.0",
        "@aws-cdk/aws-s3": "1.30.0",
        "@aws-cdk/core": "1.30.0",
        "@aws-cdk/cx-api": "1.30.0",
        "constructs": "^1.1.2"
      }
    },
    "@aws-cdk/aws-sns": {
      "version": "1.30.0",
      "resolved": "https://registry.npmjs.org/@aws-cdk/aws-sns/-/aws-sns-1.30.0.tgz",
      "integrity": "sha512-8l9Nyjyos5IV2sxlRWDxq2ug8FfWRD+nWVh+Z1c6o9fTnrtszzPoZ4d6tq16kNWuecEyLlzO93RDp8Uc5SVQlQ==",
      "requires": {
        "@aws-cdk/aws-cloudwatch": "1.30.0",
        "@aws-cdk/aws-events": "1.30.0",
        "@aws-cdk/aws-iam": "1.30.0",
        "@aws-cdk/aws-kms": "1.30.0",
        "@aws-cdk/core": "1.30.0",
        "constructs": "^1.1.2"
      }
    },
    "@aws-cdk/aws-sqs": {
      "version": "1.30.0",
      "resolved": "https://registry.npmjs.org/@aws-cdk/aws-sqs/-/aws-sqs-1.30.0.tgz",
      "integrity": "sha512-P2afE23f3woZTwFDIG3RDlKqjGPRXzL294hfj/hHT3BlkawMUxP3xplSwjh32Olx0TY9fMajAkYbU6Pi8a5Opw==",
      "requires": {
        "@aws-cdk/aws-cloudwatch": "1.30.0",
        "@aws-cdk/aws-iam": "1.30.0",
        "@aws-cdk/aws-kms": "1.30.0",
        "@aws-cdk/core": "1.30.0",
        "constructs": "^1.1.2"
      }
    },
    "@aws-cdk/aws-ssm": {
      "version": "1.30.0",
      "resolved": "https://registry.npmjs.org/@aws-cdk/aws-ssm/-/aws-ssm-1.30.0.tgz",
      "integrity": "sha512-nGOWWBRpg4pa8QP6ReuRU0P58fJ8zhDLGfJfjz9p0HMoFuTi0jCr8zAFlqSa95kaQRfbchf0osE+9y9a3HXGQQ==",
      "requires": {
        "@aws-cdk/aws-iam": "1.30.0",
        "@aws-cdk/aws-kms": "1.30.0",
        "@aws-cdk/core": "1.30.0",
        "@aws-cdk/cx-api": "1.30.0",
        "constructs": "^1.1.2"
      }
    },
    "@aws-cdk/core": {
      "version": "1.30.0",
      "resolved": "https://registry.npmjs.org/@aws-cdk/core/-/core-1.30.0.tgz",
      "integrity": "sha512-nenxs8xUwELMn2zeFuVts7U/cQ8m2Pb2p8d4Gi4HC0mJJZbsUBRR5Vi6oYm5nHzcB3OP30gtIGNnWuHcdKPthA==",
      "requires": {
        "@aws-cdk/cx-api": "1.30.0",
        "constructs": "^1.1.2"
      }
    },
    "@aws-cdk/cx-api": {
      "version": "1.30.0",
      "resolved": "https://registry.npmjs.org/@aws-cdk/cx-api/-/cx-api-1.30.0.tgz",
      "integrity": "sha512-h2KFPR08xQOrKKH7MNu93lKRgrYh+lxTsBeuaaAki75n1/cbAN5b8nBoD445r86N4Bw7INmuVbVgZSHibrK/nw==",
      "requires": {
        "semver": "^7.1.3"
      },
      "dependencies": {
        "semver": {
          "version": "7.1.3",
          "bundled": true
        }
      }
    },
    "@aws-cdk/region-info": {
      "version": "1.30.0",
      "resolved": "https://registry.npmjs.org/@aws-cdk/region-info/-/region-info-1.30.0.tgz",
      "integrity": "sha512-1t8ywtu+pbkKg8MNr0n6+uNmXPIIuodE7AcZ8TthtTPYGwFgYpNaRlZtRnHagw9g6ilxIrZNAZwXqGEamo3F+w=="
    },
    "@babel/code-frame": {
      "version": "7.8.3",
      "resolved": "https://registry.npmjs.org/@babel/code-frame/-/code-frame-7.8.3.tgz",
      "integrity": "sha512-a9gxpmdXtZEInkCSHUJDLHZVBgb1QS0jhss4cPP93EW7s+uC5bikET2twEF3KV+7rDblJcmNvTR7VJejqd2C2g==",
      "dev": true,
      "requires": {
        "@babel/highlight": "^7.8.3"
      }
    },
    "@babel/highlight": {
      "version": "7.8.3",
      "resolved": "https://registry.npmjs.org/@babel/highlight/-/highlight-7.8.3.tgz",
      "integrity": "sha512-PX4y5xQUvy0fnEVHrYOarRPXVWafSjTW9T0Hab8gVIawpl2Sj0ORyrygANq+KjcNlSSTw0YCLSNA8OyZ1I4yEg==",
      "dev": true,
      "requires": {
        "chalk": "^2.0.0",
        "esutils": "^2.0.2",
        "js-tokens": "^4.0.0"
      }
    },
    "@types/node": {
      "version": "13.9.2",
      "resolved": "https://registry.npmjs.org/@types/node/-/node-13.9.2.tgz",
      "integrity": "sha512-bnoqK579sAYrQbp73wwglccjJ4sfRdKU7WNEZ5FW4K2U6Kc0/eZ5kvXG0JKsEKFB50zrFmfFt52/cvBbZa7eXg=="
    },
    "ansi-styles": {
      "version": "3.2.1",
      "resolved": "https://registry.npmjs.org/ansi-styles/-/ansi-styles-3.2.1.tgz",
      "integrity": "sha512-VT0ZI6kZRdTh8YyJw3SMbYm/u+NqfsAxEpWO0Pf9sq8/e94WxxOpPKx9FR1FlyCtOVDNOQ+8ntlqFxiRc+r5qA==",
      "dev": true,
      "requires": {
        "color-convert": "^1.9.0"
      }
    },
    "arg": {
      "version": "4.1.3",
      "resolved": "https://registry.npmjs.org/arg/-/arg-4.1.3.tgz",
      "integrity": "sha512-58S9QDqG0Xx27YwPSt9fJxivjYl432YCwfDMfZ+71RAqUrZef7LrKQZ3LHLOwCS4FLNBplP533Zx895SeOCHvA==",
      "dev": true
    },
    "argparse": {
      "version": "1.0.10",
      "resolved": "https://registry.npmjs.org/argparse/-/argparse-1.0.10.tgz",
      "integrity": "sha512-o5Roy6tNG4SL/FOkCAN6RzjiakZS25RLYFrcMttJqbdd8BWrnA+fGz57iN5Pb06pvBGvl5gQ0B48dJlslXvoTg==",
      "dev": true,
      "requires": {
        "sprintf-js": "~1.0.2"
      }
    },
    "aws-cdk-pure": {
      "version": "1.3.2",
      "resolved": "https://registry.npmjs.org/aws-cdk-pure/-/aws-cdk-pure-1.3.2.tgz",
      "integrity": "sha512-JZWe6HKYiPU7BwHrqgCCPHY5Y2mDiLKe0ZxS404jvIkQfMTZ7kTJ8VqdpljiUkcDjwTCObNjt9Gcx5ohcKb1XA==",
      "requires": {
        "@aws-cdk/core": "1.30.0",
        "@types/node": "13.9.1"
      },
      "dependencies": {
        "@types/node": {
          "version": "13.9.1",
          "resolved": "https://registry.npmjs.org/@types/node/-/node-13.9.1.tgz",
          "integrity": "sha512-E6M6N0blf/jiZx8Q3nb0vNaswQeEyn0XlupO+xN6DtJ6r6IT4nXrTry7zhIfYvFCl3/8Cu6WIysmUBKiqV0bqQ=="
        }
      }
    },
    "balanced-match": {
      "version": "1.0.0",
      "resolved": "https://registry.npmjs.org/balanced-match/-/balanced-match-1.0.0.tgz",
      "integrity": "sha1-ibTRmasr7kneFk6gK4nORi1xt2c=",
      "dev": true
    },
    "brace-expansion": {
      "version": "1.1.11",
      "resolved": "https://registry.npmjs.org/brace-expansion/-/brace-expansion-1.1.11.tgz",
      "integrity": "sha512-iCuPHDFgrHX7H2vEI/5xpz07zSHB00TpugqhmYtVmMO6518mCuRMoOYFldEBl0g187ufozdaHgWKcYFb61qGiA==",
      "dev": true,
      "requires": {
        "balanced-match": "^1.0.0",
        "concat-map": "0.0.1"
      }
    },
    "buffer-from": {
      "version": "1.1.1",
      "resolved": "https://registry.npmjs.org/buffer-from/-/buffer-from-1.1.1.tgz",
      "integrity": "sha512-MQcXEUbCKtEo7bhqEs6560Hyd4XaovZlO/k9V3hjVUF/zwW7KBVdSK4gIt/bzwS9MbR5qob+F5jusZsb0YQK2A==",
      "dev": true
    },
    "builtin-modules": {
      "version": "1.1.1",
      "resolved": "https://registry.npmjs.org/builtin-modules/-/builtin-modules-1.1.1.tgz",
      "integrity": "sha1-Jw8HbFpywC9bZaR9+Uxf46J4iS8=",
      "dev": true
    },
    "chalk": {
      "version": "2.4.2",
      "resolved": "https://registry.npmjs.org/chalk/-/chalk-2.4.2.tgz",
      "integrity": "sha512-Mti+f9lpJNcwF4tWV8/OrTTtF1gZi+f8FqlyAdouralcFWFQWF2+NgCHShjkCb+IFBLq9buZwE1xckQU4peSuQ==",
      "dev": true,
      "requires": {
        "ansi-styles": "^3.2.1",
        "escape-string-regexp": "^1.0.5",
        "supports-color": "^5.3.0"
      }
    },
    "color-convert": {
      "version": "1.9.3",
      "resolved": "https://registry.npmjs.org/color-convert/-/color-convert-1.9.3.tgz",
      "integrity": "sha512-QfAUtd+vFdAtFQcC8CCyYt1fYWxSqAiK2cSD6zDB8N3cpsEBAvRxp9zOGg6G/SHHJYAT88/az/IuDGALsNVbGg==",
      "dev": true,
      "requires": {
        "color-name": "1.1.3"
      }
    },
    "color-name": {
      "version": "1.1.3",
      "resolved": "https://registry.npmjs.org/color-name/-/color-name-1.1.3.tgz",
      "integrity": "sha1-p9BVi9icQveV3UIyj3QIMcpTvCU=",
      "dev": true
    },
    "commander": {
      "version": "2.20.3",
      "resolved": "https://registry.npmjs.org/commander/-/commander-2.20.3.tgz",
      "integrity": "sha512-GpVkmM8vF2vQUkj2LvZmD35JxeJOLCwJ9cUkugyk2nuhbv3+mJvpLYYt+0+USMxE+oj+ey/lJEnhZw75x/OMcQ==",
      "dev": true
    },
    "concat-map": {
      "version": "0.0.1",
      "resolved": "https://registry.npmjs.org/concat-map/-/concat-map-0.0.1.tgz",
      "integrity": "sha1-2Klr13/Wjfd5OnMDajug1UBdR3s=",
      "dev": true
    },
    "constructs": {
      "version": "1.1.5",
      "resolved": "https://registry.npmjs.org/constructs/-/constructs-1.1.5.tgz",
      "integrity": "sha512-rPjQUKSqn5sJTS0qPnNTvDJ/ezG+iipt3g3bcnGip6F8zErHKUb+oIN1/G8NLZm8vw5ZJ+tjZkapvPVFxdo2yA=="
    },
    "diff": {
      "version": "4.0.2",
      "resolved": "https://registry.npmjs.org/diff/-/diff-4.0.2.tgz",
      "integrity": "sha512-58lmxKSA4BNyLz+HHMUzlOEpg09FV+ev6ZMe3vJihgdxzgcwZ8VoEEPmALCZG9LmqfVoNMMKpttIYTVG6uDY7A==",
      "dev": true
    },
    "escape-string-regexp": {
      "version": "1.0.5",
      "resolved": "https://registry.npmjs.org/escape-string-regexp/-/escape-string-regexp-1.0.5.tgz",
      "integrity": "sha1-G2HAViGQqN/2rjuyzwIAyhMLhtQ=",
      "dev": true
    },
    "esprima": {
      "version": "4.0.1",
      "resolved": "https://registry.npmjs.org/esprima/-/esprima-4.0.1.tgz",
      "integrity": "sha512-eGuFFw7Upda+g4p+QHvnW0RyTX/SVeJBDM/gCtMARO0cLuT2HcEKnTPvhjV6aGeqrCB/sbNop0Kszm0jsaWU4A==",
      "dev": true
    },
    "esutils": {
      "version": "2.0.3",
      "resolved": "https://registry.npmjs.org/esutils/-/esutils-2.0.3.tgz",
      "integrity": "sha512-kVscqXk4OCp68SZ0dkgEKVi6/8ij300KBWTJq32P/dYeWTSwK41WyTxalN1eRmA5Z9UU/LX9D7FWSmV9SAYx6g==",
      "dev": true
    },
    "fs.realpath": {
      "version": "1.0.0",
      "resolved": "https://registry.npmjs.org/fs.realpath/-/fs.realpath-1.0.0.tgz",
      "integrity": "sha1-FQStJSMVjKpA20onh8sBQRmU6k8=",
      "dev": true
    },
    "glob": {
      "version": "7.1.6",
      "resolved": "https://registry.npmjs.org/glob/-/glob-7.1.6.tgz",
      "integrity": "sha512-LwaxwyZ72Lk7vZINtNNrywX0ZuLyStrdDtabefZKAY5ZGJhVtgdznluResxNmPitE0SAO+O26sWTHeKSI2wMBA==",
      "dev": true,
      "requires": {
        "fs.realpath": "^1.0.0",
        "inflight": "^1.0.4",
        "inherits": "2",
        "minimatch": "^3.0.4",
        "once": "^1.3.0",
        "path-is-absolute": "^1.0.0"
      }
    },
    "has-flag": {
      "version": "3.0.0",
      "resolved": "https://registry.npmjs.org/has-flag/-/has-flag-3.0.0.tgz",
      "integrity": "sha1-tdRU3CGZriJWmfNGfloH87lVuv0=",
      "dev": true
    },
    "inflight": {
      "version": "1.0.6",
      "resolved": "https://registry.npmjs.org/inflight/-/inflight-1.0.6.tgz",
      "integrity": "sha1-Sb1jMdfQLQwJvJEKEHW6gWW1bfk=",
      "dev": true,
      "requires": {
        "once": "^1.3.0",
        "wrappy": "1"
      }
    },
    "inherits": {
      "version": "2.0.4",
      "resolved": "https://registry.npmjs.org/inherits/-/inherits-2.0.4.tgz",
      "integrity": "sha512-k/vGaX4/Yla3WzyMCvTQOXYeIHvqOKtnqBduzTHpzpQZzAskKMhZ2K+EnBiSM9zGSoIFeMpXKxa4dYeZIQqewQ==",
      "dev": true
    },
    "js-tokens": {
      "version": "4.0.0",
      "resolved": "https://registry.npmjs.org/js-tokens/-/js-tokens-4.0.0.tgz",
      "integrity": "sha512-RdJUflcE3cUzKiMqQgsCu06FPu9UdIJO0beYbPhHN4k6apgJtifcoCtT9bcxOpYBtpD2kCM6Sbzg4CausW/PKQ==",
      "dev": true
    },
    "js-yaml": {
      "version": "3.13.1",
      "resolved": "https://registry.npmjs.org/js-yaml/-/js-yaml-3.13.1.tgz",
      "integrity": "sha512-YfbcO7jXDdyj0DGxYVSlSeQNHbD7XPWvrVWeVUujrQEoZzWJIRrCPoyk6kL6IAjAG2IolMK4T0hNUe0HOUs5Jw==",
      "dev": true,
      "requires": {
        "argparse": "^1.0.7",
        "esprima": "^4.0.0"
      }
    },
    "make-error": {
      "version": "1.3.6",
      "resolved": "https://registry.npmjs.org/make-error/-/make-error-1.3.6.tgz",
      "integrity": "sha512-s8UhlNe7vPKomQhC1qFelMokr/Sc3AgNbso3n74mVPA5LTZwkB9NlXf4XPamLxJE8h0gh73rM94xvwRT2CVInw==",
      "dev": true
    },
    "minimatch": {
      "version": "3.0.4",
      "resolved": "https://registry.npmjs.org/minimatch/-/minimatch-3.0.4.tgz",
      "integrity": "sha512-yJHVQEhyqPLUTgt9B83PXu6W3rx4MvvHvSUvToogpwoGDOUQ+yDrR0HRot+yOCdCO7u4hX3pWft6kWBBcqh0UA==",
      "dev": true,
      "requires": {
        "brace-expansion": "^1.1.7"
      }
    },
    "minimist": {
      "version": "1.2.5",
      "resolved": "https://registry.npmjs.org/minimist/-/minimist-1.2.5.tgz",
      "integrity": "sha512-FM9nNUYrRBAELZQT3xeZQ7fmMOBg6nWNmJKTcgsJeaLstP/UODVpGsr5OhXhhXg6f+qtJ8uiZ+PUxkDWcgIXLw==",
      "dev": true
    },
    "mkdirp": {
      "version": "0.5.3",
      "resolved": "https://registry.npmjs.org/mkdirp/-/mkdirp-0.5.3.tgz",
      "integrity": "sha512-P+2gwrFqx8lhew375MQHHeTlY8AuOJSrGf0R5ddkEndUkmwpgUob/vQuBD1V22/Cw1/lJr4x+EjllSezBThzBg==",
      "dev": true,
      "requires": {
        "minimist": "^1.2.5"
      }
    },
    "once": {
      "version": "1.4.0",
      "resolved": "https://registry.npmjs.org/once/-/once-1.4.0.tgz",
      "integrity": "sha1-WDsap3WWHUsROsF9nFC6753Xa9E=",
      "dev": true,
      "requires": {
        "wrappy": "1"
      }
    },
    "path-is-absolute": {
      "version": "1.0.1",
      "resolved": "https://registry.npmjs.org/path-is-absolute/-/path-is-absolute-1.0.1.tgz",
      "integrity": "sha1-F0uSaHNVNP+8es5r9TpanhtcX18=",
      "dev": true
    },
    "path-parse": {
      "version": "1.0.6",
      "resolved": "https://registry.npmjs.org/path-parse/-/path-parse-1.0.6.tgz",
      "integrity": "sha512-GSmOT2EbHrINBf9SR7CDELwlJ8AENk3Qn7OikK4nFYAu3Ote2+JYNVvkpAEQm3/TLNEJFD/xZJjzyxg3KBWOzw==",
      "dev": true
    },
    "prettier": {
      "version": "1.19.1",
      "resolved": "https://registry.npmjs.org/prettier/-/prettier-1.19.1.tgz",
      "integrity": "sha512-s7PoyDv/II1ObgQunCbB9PdLmUcBZcnWOcxDh7O0N/UwDEsHyqkW+Qh28jW+mVuCdx7gLB0BotYI1Y6uI9iyew==",
      "dev": true
    },
    "resolve": {
      "version": "1.15.1",
      "resolved": "https://registry.npmjs.org/resolve/-/resolve-1.15.1.tgz",
      "integrity": "sha512-84oo6ZTtoTUpjgNEr5SJyzQhzL72gaRodsSfyxC/AXRvwu0Yse9H8eF9IpGo7b8YetZhlI6v7ZQ6bKBFV/6S7w==",
      "dev": true,
      "requires": {
        "path-parse": "^1.0.6"
      }
    },
    "semver": {
      "version": "5.7.1",
      "resolved": "https://registry.npmjs.org/semver/-/semver-5.7.1.tgz",
      "integrity": "sha512-sauaDf/PZdVgrLTNYHRtpXa1iRiKcaebiKQ1BJdpQlWH2lCvexQdX55snPFyK7QzpudqbCI0qXFfOasHdyNDGQ==",
      "dev": true
    },
    "source-map": {
      "version": "0.6.1",
      "resolved": "https://registry.npmjs.org/source-map/-/source-map-0.6.1.tgz",
      "integrity": "sha512-UjgapumWlbMhkBgzT7Ykc5YXUT46F0iKu8SGXq0bcwP5dz/h0Plj6enJqjz1Zbq2l5WaqYnrVbwWOWMyF3F47g==",
      "dev": true
    },
    "source-map-support": {
      "version": "0.5.16",
      "resolved": "https://registry.npmjs.org/source-map-support/-/source-map-support-0.5.16.tgz",
      "integrity": "sha512-efyLRJDr68D9hBBNIPWFjhpFzURh+KJykQwvMyW5UiZzYwoF6l4YMMDIJJEyFWxWCqfyxLzz6tSfUFR+kXXsVQ==",
      "dev": true,
      "requires": {
        "buffer-from": "^1.0.0",
        "source-map": "^0.6.0"
      }
    },
    "sprintf-js": {
      "version": "1.0.3",
      "resolved": "https://registry.npmjs.org/sprintf-js/-/sprintf-js-1.0.3.tgz",
      "integrity": "sha1-BOaSb2YolTVPPdAVIDYzuFcpfiw=",
      "dev": true
    },
    "supports-color": {
      "version": "5.5.0",
      "resolved": "https://registry.npmjs.org/supports-color/-/supports-color-5.5.0.tgz",
      "integrity": "sha512-QjVjwdXIt408MIiAqCX4oUKsgU2EqAGzs2Ppkm4aQYbjm+ZEWEcW4SfFNTr4uMNZma0ey4f5lgLrkB0aX0QMow==",
      "dev": true,
      "requires": {
        "has-flag": "^3.0.0"
      }
    },
    "ts-node": {
      "version": "8.7.0",
      "resolved": "https://registry.npmjs.org/ts-node/-/ts-node-8.7.0.tgz",
      "integrity": "sha512-s659CsHrsxaRVDEleuOkGvbsA0rWHtszUNEt1r0CgAFN5ZZTQtDzpsluS7W5pOGJIa1xZE8R/zK4dEs+ldFezg==",
      "dev": true,
      "requires": {
        "arg": "^4.1.0",
        "diff": "^4.0.1",
        "make-error": "^1.1.1",
        "source-map-support": "^0.5.6",
        "yn": "3.1.1"
      }
    },
    "tslib": {
      "version": "1.11.1",
      "resolved": "https://registry.npmjs.org/tslib/-/tslib-1.11.1.tgz",
      "integrity": "sha512-aZW88SY8kQbU7gpV19lN24LtXh/yD4ZZg6qieAJDDg+YBsJcSmLGK9QpnUjAKVG/xefmvJGd1WUmfpT/g6AJGA==",
      "dev": true
    },
    "tslint": {
      "version": "6.1.0",
      "resolved": "https://registry.npmjs.org/tslint/-/tslint-6.1.0.tgz",
      "integrity": "sha512-fXjYd/61vU6da04E505OZQGb2VCN2Mq3doeWcOIryuG+eqdmFUXTYVwdhnbEu2k46LNLgUYt9bI5icQze/j0bQ==",
      "dev": true,
      "requires": {
        "@babel/code-frame": "^7.0.0",
        "builtin-modules": "^1.1.1",
        "chalk": "^2.3.0",
        "commander": "^2.12.1",
        "diff": "^4.0.1",
        "glob": "^7.1.1",
        "js-yaml": "^3.13.1",
        "minimatch": "^3.0.4",
        "mkdirp": "^0.5.1",
        "resolve": "^1.3.2",
        "semver": "^5.3.0",
        "tslib": "^1.10.0",
        "tsutils": "^2.29.0"
      }
    },
    "tslint-config-prettier": {
      "version": "1.18.0",
      "resolved": "https://registry.npmjs.org/tslint-config-prettier/-/tslint-config-prettier-1.18.0.tgz",
      "integrity": "sha512-xPw9PgNPLG3iKRxmK7DWr+Ea/SzrvfHtjFt5LBl61gk2UBG/DB9kCXRjv+xyIU1rUtnayLeMUVJBcMX8Z17nDg==",
      "dev": true
    },
    "tsutils": {
      "version": "2.29.0",
      "resolved": "https://registry.npmjs.org/tsutils/-/tsutils-2.29.0.tgz",
      "integrity": "sha512-g5JVHCIJwzfISaXpXE1qvNalca5Jwob6FjI4AoPlqMusJ6ftFE7IkkFoMhVLRgK+4Kx3gkzb8UZK5t5yTTvEmA==",
      "dev": true,
      "requires": {
        "tslib": "^1.8.1"
      }
    },
    "typescript": {
      "version": "3.8.3",
      "resolved": "https://registry.npmjs.org/typescript/-/typescript-3.8.3.tgz",
      "integrity": "sha512-MYlEfn5VrLNsgudQTVJeNaQFUAI7DkhnOjdpAp4T+ku1TfQClewlbSuTVHiA+8skNBgaf02TL/kLOvig4y3G8w==",
      "dev": true
    },
    "wrappy": {
      "version": "1.0.2",
      "resolved": "https://registry.npmjs.org/wrappy/-/wrappy-1.0.2.tgz",
      "integrity": "sha1-tSQ9jz7BqjXxNkYFvA0QNuMKtp8=",
      "dev": true
    },
    "yn": {
      "version": "3.1.1",
      "resolved": "https://registry.npmjs.org/yn/-/yn-3.1.1.tgz",
      "integrity": "sha512-Ux4ygGWsu2c7isFWe8Yu1YluJmqVhxqK2cLXNQA5AcC3QfbGNpM7fu0Y8b/z16pXLnFxZYvWhd3fhBY9DLmC6Q==",
      "dev": true
    }
  }
}
