github.com/ajg/form v1.5.2-0.20200323032839-9aeb3cf462e1 h1:8Qzi+0Uch1VJvdrOhJ8U8FqoPLbUdETPgMqGJ6DSMSQ=
github.com/ajg/form v1.5.2-0.20200323032839-9aeb3cf462e1/go.mod h1:uL1WgH+h2mgNtvBq0339dVnzXdBETtL2LeUXaIv25UY=
github.com/aws/aws-lambda-go v1.41.0 h1:l/5fyVb6Ud9uYd411xdHZzSf2n86TakxzpvIoz7l+3Y=
github.com/aws/aws-lambda-go v1.41.0/go.mod h1:jwFe2KmMsHmffA1X2R09hH6lFzJQxzI8qK17ewzbQMM=
github.com/davecgh/go-spew v1.1.1 h1:vj9j/u1bqnvCEfJOwUhtlOARqs3+rkHYY13jYWTU97c=
github.com/fogfish/golem/hseq v1.1.2 h1:jgmMSo+d3KUAQr87U6coQtrTHNL4RTd0/qTocn4ReAQ=
github.com/fogfish/golem/hseq v1.1.2/go.mod h1:N5y7RLLJyL8iNxFOcD6mkciIBx5TJ9mT1fRszr+ByhQ=
github.com/fogfish/guid/v2 v2.0.4 h1:EZiPlM4UAghqf7DU5/nLEF+iRH7ODe0AiFuYOMRvITQ=
github.com/fogfish/guid/v2 v2.0.4/go.mod h1:KkZ5T4EE3BqWQJFZBPLSHV/tBe23Xq4KvuPfwtNtepU=
github.com/fogfish/it v0.9.1/go.mod h1:NQJG4Ygvek85y7zGj0Gny8+6ygAnHjfBORhI7TdQhp4=
github.com/fogfish/it v1.0.0 h1:kiwFHZcrkRLUydZoIoY0gTuMfj38trwvLo0YRyIkeG8=
github.com/fogfish/it v1.0.0/go.mod h1:NQJG4Ygvek85y7zGj0Gny8+6ygAnHjfBORhI7TdQhp4=
github.com/fogfish/it/v2 v2.0.1 h1:vu3kV2xzYDPHoMHMABxXeu5CoMcTfRc4gkWkzOUkRJY=
github.com/fogfish/it/v2 v2.0.1/go.mod h1:h5FdKaEQT4sUEykiVkB8VV4jX27XabFVeWhoDZaRZtE=
github.com/fogfish/logger v1.1.0 h1:IZncrh4+Q7yyngcIq8lBr2VwcYE2huXcgCPKcT+zPOY=
github.com/fogfish/logger v1.1.0/go.mod h1:o9Url3zZMjg87bOJKZTdWIX3aRmClY+3Ld97Jc2Podg=
github.com/pmezard/go-difflib v1.0.0 h1:4DBwDE0NGyQoBHbLQYPwSUPoCMWR5BEzIk/f1lZbAQM=
github.com/stretchr/testify v1.7.2 h1:4jaiDzPyXQvSd7D0EjG45355tLlV3VOECpq10pLC+8s=
gopkg.in/yaml.v3 v3.0.1 h1:fxVm/GzAzEWqLHuvctI91KS9hhNmmWOoWu0XTYJS7CA=
