github.com/ajg/form v1.5.2-0.20200323032839-9aeb3cf462e1 h1:8Qzi+0Uch1VJvdrOhJ8U8FqoPLbUdETPgMqGJ6DSMSQ=
github.com/ajg/form v1.5.2-0.20200323032839-9aeb3cf462e1/go.mod h1:uL1WgH+h2mgNtvBq0339dVnzXdBETtL2LeUXaIv25UY=
github.com/aws/aws-lambda-go v1.37.0 h1:WXkQ/xhIcXZZ2P5ZBEw+bbAKeCEcb5NtiYpSwVVzIXg=
github.com/aws/aws-lambda-go v1.37.0/go.mod h1:jwFe2KmMsHmffA1X2R09hH6lFzJQxzI8qK17ewzbQMM=
github.com/davecgh/go-spew v1.1.1 h1:vj9j/u1bqnvCEfJOwUhtlOARqs3+rkHYY13jYWTU97c=
github.com/fogfish/golem v0.9.1 h1:IHBMGrjdOCJOANAVg22BqA7sY8S2Ah/B9M747RjI3Qg=
github.com/fogfish/golem v0.9.1/go.mod h1:lj7cttUvvjAE4KZU4RzHHw0o2pYozkPqat5ff38u71c=
github.com/fogfish/golem v0.9.2 h1:tESSlzo+wih7fLfLFFegKOU8l45Ew9A8a9JU84rGtGY=
github.com/fogfish/golem v0.9.2/go.mod h1:lj7cttUvvjAE4KZU4RzHHw0o2pYozkPqat5ff38u71c=
github.com/fogfish/guid v1.0.0 h1:Wf19/7IWFAQvuvfJDEc/Jr47OzFm+Mk+zHJnvo6S31k=
github.com/fogfish/guid v1.0.0/go.mod h1:5iZJAJEepH9rXpnNOi+UYIIzjX57yQqMpXF6K/nKEEg=
github.com/fogfish/it v0.9.1 h1:Pu+qgqBV2ilZDzZzPIbUIhMIkdpHgbGUsdEwVQvBxNQ=
github.com/fogfish/it v0.9.1/go.mod h1:NQJG4Ygvek85y7zGj0Gny8+6ygAnHjfBORhI7TdQhp4=
github.com/fogfish/it/v2 v2.0.1 h1:vu3kV2xzYDPHoMHMABxXeu5CoMcTfRc4gkWkzOUkRJY=
github.com/fogfish/it/v2 v2.0.1/go.mod h1:h5FdKaEQT4sUEykiVkB8VV4jX27XabFVeWhoDZaRZtE=
github.com/fogfish/logger v1.1.0 h1:IZncrh4+Q7yyngcIq8lBr2VwcYE2huXcgCPKcT+zPOY=
github.com/fogfish/logger v1.1.0/go.mod h1:o9Url3zZMjg87bOJKZTdWIX3aRmClY+3Ld97Jc2Podg=
github.com/pmezard/go-difflib v1.0.0 h1:4DBwDE0NGyQoBHbLQYPwSUPoCMWR5BEzIk/f1lZbAQM=
github.com/stretchr/testify v1.7.2 h1:4jaiDzPyXQvSd7D0EjG45355tLlV3VOECpq10pLC+8s=
gopkg.in/yaml.v3 v3.0.1 h1:fxVm/GzAzEWqLHuvctI91KS9hhNmmWOoWu0XTYJS7CA=
